{
  "name": "activity",
  "version": "1.0.0",
  "lockfileVersion": 1,
  "requires": true,
  "dependencies": {
    "clone": {
      "version": "1.0.4",
      "resolved": "https://registry.npmjs.org/clone/-/clone-1.0.4.tgz",
      "integrity": "sha512-JQHZ2QMW6l3aH/j6xCqQThY/9OH4D/9ls34cgkUBiEeocRTU04tHfKPBsUK1PqZCUQM7GiA0IIXJSuXHI64Kbg=="
    },
    "defaults": {
      "version": "1.0.4",
      "resolved": "https://registry.npmjs.org/defaults/-/defaults-1.0.4.tgz",
      "integrity": "sha512-eFuaLoy/Rxalv2kr+lqMlUnrDWV+3j4pljOIJgLIhI058IQfWJ7vXhyEIHu+HtC738klGALYxOKDO0bQP3tg8A==",
      "requires": {
        "clone": "^1.0.2"
      }
    },
    "mixme": {
      "version": "0.5.5",
      "resolved": "https://registry.npmjs.org/mixme/-/mixme-0.5.5.tgz",
      "integrity": "sha512-/6IupbRx32s7jjEwHcycXikJwFD5UujbVNuJFkeKLYje+92OvtuPniF6JhnFm5JCTDUhS+kYK3W/4BWYQYXz7w=="
    },
    "pad": {
      "version": "3.2.0",
      "resolved": "https://registry.npmjs.org/pad/-/pad-3.2.0.tgz",
      "integrity": "sha512-2u0TrjcGbOjBTJpyewEl4hBO3OeX5wWue7eIFPzQTg6wFSvoaHcBTTUY5m+n0hd04gmTCPuY0kCpVIVuw5etwg==",
      "requires": {
        "wcwidth": "^1.0.1"
      }
    },
    "plug-and-play": {
      "version": "2.5.6",
      "resolved": "https://registry.npmjs.org/plug-and-play/-/plug-and-play-2.5.6.tgz",
      "integrity": "sha512-khsIOdO/Yb4Ngu4OdYzS5MF46ewaiZIJycZPWq54itspNNXlmJUNvXNDTwv/mKPsJ5lvanTD8WTWOFQIAI7qJw==",
      "requires": {
        "mixme": "^0.5.4",
        "toposort": "^2.0.2"
      }
    },
    "shell": {
      "version": "0.9.4",
      "resolved": "https://registry.npmjs.org/shell/-/shell-0.9.4.tgz",
      "integrity": "sha512-+ghvKO3N1/4/c5T30EPPQ80P3MjRtuOwQIfewyB2ZVgdzTjtuCJ42qF1QbfKxMqhdGZvjccpTQYkQ+Wwtm3hnQ==",
      "requires": {
        "mixme": "^0.5.4",
        "pad": "^3.2.0",
        "plug-and-play": "^2.4.0"
      }
    },
    "toposort": {
      "version": "2.0.2",
      "resolved": "https://registry.npmjs.org/toposort/-/toposort-2.0.2.tgz",
      "integrity": "sha512-0a5EOkAUp8D4moMi2W8ZF8jcga7BgZd91O/yabJCFY8az+XSzeGyTKs0Aoo897iV1Nj6guFq8orWDS96z91oGg=="
    },
    "wcwidth": {
      "version": "1.0.1",
      "resolved": "https://registry.npmjs.org/wcwidth/-/wcwidth-1.0.1.tgz",
      "integrity": "sha512-XHPEwS0q6TaxcvG85+8EYkbiCux2XtWG2mkc47Ng2A77BQu9+DqIOJldST4HgPkuea7dvKSj5VgX3P1d4rW8Tg==",
      "requires": {
        "defaults": "^1.0.3"
      }
    }
  }
}
